<?xml version="1.0" encoding="utf-8"?>
<Project ToolsVersion="4.0" xmlns="http://schemas.microsoft.com/developer/msbuild/2003">
  <ItemGroup>
    <Filter Include="0. C++">
      <UniqueIdentifier>{b46c9966-f39e-4946-b454-996f8cba7d2c}</UniqueIdentifier>
    </Filter>
    <Filter Include="3. Network">
      <UniqueIdentifier>{7fc8afa7-19fa-4cc0-b690-ed14051d8ef9}</UniqueIdentifier>
    </Filter>
    <Filter Include="99. 전체 질문목록">
      <UniqueIdentifier>{3ca95448-359e-4114-ac12-e15d653d0dd3}</UniqueIdentifier>
    </Filter>
    <Filter Include="999. 소스 파일">
      <UniqueIdentifier>{4FC737F1-C7A5-4376-A066-2A32D752A2FF}</UniqueIdentifier>
      <Extensions>cpp;c;cc;cxx;c++;cppm;ixx;def;odl;idl;hpj;bat;asm;asmx</Extensions>
    </Filter>
    <Filter Include="4. Algorithm">
      <UniqueIdentifier>{ebb8e2e8-887a-4cbf-948f-fe078a96c69b}</UniqueIdentifier>
    </Filter>
    <Filter Include="2. CS">
      <UniqueIdentifier>{4edb3c76-8493-4751-bc12-c1aeb6035930}</UniqueIdentifier>
    </Filter>
    <Filter Include="5. DirectX">
      <UniqueIdentifier>{22027bb1-dab0-46af-8313-55ffeaa064a4}</UniqueIdentifier>
    </Filter>
    <Filter Include="1. STL, Data Struct">
      <UniqueIdentifier>{19a12cc3-22ff-41f7-bfda-9c2b18c9cc3b}</UniqueIdentifier>
    </Filter>
    <Filter Include="1. STL, Data Struct\CODE">
      <UniqueIdentifier>{710b54a3-0b6e-4978-af7a-03199f42931f}</UniqueIdentifier>
    </Filter>
    <Filter Include="1. STL, Data Struct\Img">
      <UniqueIdentifier>{1b4d96ab-23a1-495a-88d5-3ad1fa0c2def}</UniqueIdentifier>
    </Filter>
  </ItemGroup>
  <ItemGroup>
    <ClCompile Include="Main.cpp">
      <Filter>999. 소스 파일</Filter>
    </ClCompile>
    <ClCompile Include="..\Client\STL\reverse_list.cpp">
      <Filter>1. STL, Data Struct\CODE</Filter>
    </ClCompile>
  </ItemGroup>
  <ItemGroup>
    <Text Include="..\TXT_TOTAL\Algorithm.txt">
      <Filter>99. 전체 질문목록</Filter>
    </Text>
    <Text Include="..\TXT_TOTAL\CC++.txt">
      <Filter>99. 전체 질문목록</Filter>
    </Text>
    <Text Include="..\TXT_TOTAL\Network.txt">
      <Filter>99. 전체 질문목록</Filter>
    </Text>
    <Text Include="..\TXT_TOTAL\STL.txt">
      <Filter>99. 전체 질문목록</Filter>
    </Text>
    <Text Include="..\TXT_DIRECTX\_클리핑과 컬링.txt">
      <Filter>5. DirectX</Filter>
    </Text>
    <Text Include="..\TXT_DIRECTX\_LOD.txt">
      <Filter>5. DirectX</Filter>
    </Text>
    <Text Include="..\TXT_DIRECTX\_PBR.txt">
      <Filter>5. DirectX</Filter>
    </Text>
    <Text Include="..\TXT_DIRECTX\_UV매핑.txt">
      <Filter>5. DirectX</Filter>
    </Text>
    <Text Include="..\TXT_DIRECTX\_노말맵.txt">
      <Filter>5. DirectX</Filter>
    </Text>
    <Text Include="..\TXT_DIRECTX\_레스터라이즈.txt">
      <Filter>5. DirectX</Filter>
    </Text>
    <Text Include="..\TXT_DIRECTX\_렌더링 파이프라인.txt">
      <Filter>5. DirectX</Filter>
    </Text>
    <Text Include="..\TXT_DIRECTX\_셰이더.txt">
      <Filter>5. DirectX</Filter>
    </Text>
    <Text Include="..\TXT_DIRECTX\_앨리어싱.txt">
      <Filter>5. DirectX</Filter>
    </Text>
    <Text Include="..\TXT_ALGORITHM\[정리] 정렬 알고리즘.txt">
      <Filter>4. Algorithm</Filter>
    </Text>
    <Text Include="..\TXT_ALGORITHM\_힙정렬.txt">
      <Filter>4. Algorithm</Filter>
    </Text>
    <Text Include="..\TXT_ALGORITHM\BFS와 DFS.txt">
      <Filter>4. Algorithm</Filter>
    </Text>
    <Text Include="..\TXT_CC++\함수포인터.txt">
      <Filter>0. C++</Filter>
    </Text>
    <Text Include="..\TXT_CC++\C++에 대하여.txt">
      <Filter>0. C++</Filter>
    </Text>
    <Text Include="..\TXT_CC++\call by value.txt">
      <Filter>0. C++</Filter>
    </Text>
    <Text Include="..\TXT_CC++\explicit.txt">
      <Filter>0. C++</Filter>
    </Text>
    <Text Include="..\TXT_CC++\extern.txt">
      <Filter>0. C++</Filter>
    </Text>
    <Text Include="..\TXT_CC++\메모리함수 mem~.txt">
      <Filter>0. C++</Filter>
    </Text>
    <Text Include="..\TXT_CC++\move와 foward.txt">
      <Filter>0. C++</Filter>
    </Text>
    <Text Include="..\TXT_CC++\mutable.txt">
      <Filter>0. C++</Filter>
    </Text>
    <Text Include="..\TXT_CC++\new와 malloc.txt">
      <Filter>0. C++</Filter>
    </Text>
    <Text Include="..\TXT_CC++\NULL, nullptr.txt">
      <Filter>0. C++</Filter>
    </Text>
    <Text Include="..\TXT_CC++\RTTI.txt">
      <Filter>0. C++</Filter>
    </Text>
    <Text Include="..\TXT_CC++\SOLID 원칙.txt">
      <Filter>0. C++</Filter>
    </Text>
    <Text Include="..\TXT_CC++\static.txt">
      <Filter>0. C++</Filter>
    </Text>
    <Text Include="..\TXT_CC++\STL기본.txt">
      <Filter>0. C++</Filter>
    </Text>
    <Text Include="..\TXT_CC++\개행.txt">
      <Filter>0. C++</Filter>
    </Text>
    <Text Include="..\TXT_CC++\객체지향 프로그래밍.txt">
      <Filter>0. C++</Filter>
    </Text>
    <Text Include="..\TXT_CC++\구조체 클래스.txt">
      <Filter>0. C++</Filter>
    </Text>
    <Text Include="..\TXT_CC++\리스트 뒤집기.txt">
      <Filter>0. C++</Filter>
    </Text>
    <Text Include="..\TXT_CC++\매크로와 인라인.txt">
      <Filter>0. C++</Filter>
    </Text>
    <Text Include="..\TXT_CC++\생성자와 소멸자.txt">
      <Filter>0. C++</Filter>
    </Text>
    <Text Include="..\TXT_CC++\실수형 데이터.txt">
      <Filter>0. C++</Filter>
    </Text>
    <Text Include="..\TXT_CC++\오버로딩과 오버라이딩.txt">
      <Filter>0. C++</Filter>
    </Text>
    <Text Include="..\TXT_CC++\이동생성자.txt">
      <Filter>0. C++</Filter>
    </Text>
    <Text Include="..\TXT_CC++\인터페이스, 다중상속.txt">
      <Filter>0. C++</Filter>
    </Text>
    <Text Include="..\TXT_CC++\전방선언.txt">
      <Filter>0. C++</Filter>
    </Text>
    <Text Include="..\TXT_CC++\전처리문.txt">
      <Filter>0. C++</Filter>
    </Text>
    <Text Include="..\TXT_CC++\캐스팅.txt">
      <Filter>0. C++</Filter>
    </Text>
    <Text Include="..\TXT_CC++\컴파일 과정.txt">
      <Filter>0. C++</Filter>
    </Text>
    <Text Include="..\TXT_CC++\클래스와 인스턴스.txt">
      <Filter>0. C++</Filter>
    </Text>
    <Text Include="..\TXT_CC++\함수객체.txt">
      <Filter>0. C++</Filter>
    </Text>
    <Text Include="..\TXT_CC++\함수호출과정.txt">
      <Filter>0. C++</Filter>
    </Text>
    <Text Include="..\TXT_CC++\auto.txt">
      <Filter>0. C++</Filter>
    </Text>
    <Text Include="..\TXT_CC++\_Is-a Has-a.txt">
      <Filter>0. C++</Filter>
    </Text>
    <Text Include="..\TXT_CC++\_L-Value vs R-Value.txt">
      <Filter>0. C++</Filter>
    </Text>
    <Text Include="..\TXT_CC++\this.txt">
      <Filter>0. C++</Filter>
    </Text>
    <Text Include="..\TXT_CC++\using.txt">
      <Filter>0. C++</Filter>
    </Text>
    <Text Include="..\TXT_CC++\_volatile.txt">
      <Filter>0. C++</Filter>
    </Text>
    <Text Include="..\TXT_CC++\가상함수.txt">
      <Filter>0. C++</Filter>
    </Text>
    <Text Include="..\TXT_CC++\_깊은복사와 얕은복사.txt">
      <Filter>0. C++</Filter>
    </Text>
    <Text Include="..\TXT_CC++\람다식.txt">
      <Filter>0. C++</Filter>
    </Text>
    <Text Include="..\TXT_CC++\바인딩.txt">
      <Filter>0. C++</Filter>
    </Text>
    <Text Include="..\TXT_CC++\스마트 포인터.txt">
      <Filter>0. C++</Filter>
    </Text>
    <Text Include="..\TXT_CC++\유니폼 초기화.txt">
      <Filter>0. C++</Filter>
    </Text>
    <Text Include="..\TXT_CC++\이동 의미론.txt">
      <Filter>0. C++</Filter>
    </Text>
    <Text Include="..\TXT_CC++\_추상클래스.txt">
      <Filter>0. C++</Filter>
    </Text>
    <Text Include="..\TXT_CC++\_템플릿.txt">
      <Filter>0. C++</Filter>
    </Text>
    <Text Include="..\TXT_CC++\_포인터.txt">
      <Filter>0. C++</Filter>
    </Text>
    <Text Include="..\TXT_STL\set.txt">
      <Filter>1. STL, Data Struct</Filter>
    </Text>
    <Text Include="..\TXT_STL\vector.txt">
      <Filter>1. STL, Data Struct</Filter>
    </Text>
    <Text Include="..\TXT_STL\범위기반 for문.txt">
      <Filter>1. STL, Data Struct</Filter>
    </Text>
    <Text Include="..\TXT_STL\상등성과 동등성.txt">
      <Filter>1. STL, Data Struct</Filter>
    </Text>
    <Text Include="..\TXT_STL\이진탐색.txt">
      <Filter>1. STL, Data Struct</Filter>
    </Text>
    <Text Include="..\TXT_STL\큐.txt">
      <Filter>1. STL, Data Struct</Filter>
    </Text>
    <Text Include="..\TXT_STL\트라이(Trie).txt">
      <Filter>1. STL, Data Struct</Filter>
    </Text>
    <Text Include="..\TXT_STL\해시.txt">
      <Filter>1. STL, Data Struct</Filter>
    </Text>
    <Text Include="..\TXT_STL\힙(Heap).txt">
      <Filter>1. STL, Data Struct</Filter>
    </Text>
    <Text Include="..\TXT_STL\[정리]stl 총정리.txt">
      <Filter>1. STL, Data Struct</Filter>
    </Text>
    <Text Include="..\TXT_STL\_B트리.txt">
      <Filter>1. STL, Data Struct</Filter>
    </Text>
    <Text Include="..\TXT_STL\_emplace와 push.txt">
      <Filter>1. STL, Data Struct</Filter>
    </Text>
    <Text Include="..\TXT_STL\array.txt">
      <Filter>1. STL, Data Struct</Filter>
    </Text>
    <Text Include="..\TXT_STL\list.txt">
      <Filter>1. STL, Data Struct</Filter>
    </Text>
    <Text Include="..\TXT_STL\map.txt">
      <Filter>1. STL, Data Struct</Filter>
    </Text>
    <Text Include="..\TXT_CC++\friend.txt">
      <Filter>0. C++</Filter>
    </Text>
    <Text Include="..\TXT_CC++\CRTP.txt">
      <Filter>0. C++</Filter>
    </Text>
    <Text Include="..\TXT_CS\오버플로우.txt">
      <Filter>2. CS</Filter>
    </Text>
    <Text Include="..\TXT_CS\가상메모리.txt">
      <Filter>2. CS</Filter>
    </Text>
    <Text Include="..\TXT_CS\레지스터.txt">
      <Filter>2. CS</Filter>
    </Text>
    <Text Include="..\TXT_CS\메모리 풀.txt">
      <Filter>2. CS</Filter>
    </Text>
    <Text Include="..\TXT_CS\_컴퓨터 구성.txt">
      <Filter>2. CS</Filter>
    </Text>
    <Text Include="..\TXT_CS\메모리 구조와 속도.txt">
      <Filter>2. CS</Filter>
    </Text>
    <Text Include="..\TXT_CS\메모리 관리 기법.txt">
      <Filter>2. CS</Filter>
    </Text>
    <Text Include="..\TXT_CS\프로세스와 쓰레드.txt">
      <Filter>2. CS</Filter>
    </Text>
    <Text Include="..\TXT_CS\_동기화.txt">
      <Filter>2. CS</Filter>
    </Text>
    <Text Include="..\TXT_CS\교착상태.txt">
      <Filter>2. CS</Filter>
    </Text>
    <Text Include="..\TXT_CS\운영체제.txt">
      <Filter>2. CS</Filter>
    </Text>
    <Text Include="..\TXT_CS\캐시메모리.txt">
      <Filter>2. CS</Filter>
    </Text>
    <Text Include="..\TXT_CS\프로세스.txt">
      <Filter>2. CS</Filter>
    </Text>
  </ItemGroup>
  <ItemGroup>
    <Image Include="..\TXT_STL\STL.png">
      <Filter>1. STL, Data Struct\Img</Filter>
    </Image>
  </ItemGroup>
</Project>