<?xml version="1.0" encoding="utf-8"?>
<Project ToolsVersion="4.0" xmlns="http://schemas.microsoft.com/developer/msbuild/2003">
  <ItemGroup>
    <Filter Include="소스 파일">
      <UniqueIdentifier>{4FC737F1-C7A5-4376-A066-2A32D752A2FF}</UniqueIdentifier>
      <Extensions>cpp;c;cc;cxx;c++;cppm;ixx;def;odl;idl;hpj;bat;asm;asmx</Extensions>
    </Filter>
    <Filter Include="C++">
      <UniqueIdentifier>{b46c9966-f39e-4946-b454-996f8cba7d2c}</UniqueIdentifier>
    </Filter>
    <Filter Include="STL">
      <UniqueIdentifier>{19a12cc3-22ff-41f7-bfda-9c2b18c9cc3b}</UniqueIdentifier>
    </Filter>
    <Filter Include="Data_Struct">
      <UniqueIdentifier>{f8aa6e32-6f4d-4ad5-986e-088c846feeb4}</UniqueIdentifier>
    </Filter>
    <Filter Include="Network">
      <UniqueIdentifier>{7fc8afa7-19fa-4cc0-b690-ed14051d8ef9}</UniqueIdentifier>
    </Filter>
  </ItemGroup>
  <ItemGroup>
    <ClCompile Include="Main.cpp">
      <Filter>소스 파일</Filter>
    </ClCompile>
  </ItemGroup>
  <ItemGroup>
    <Text Include="인터페이스_다중상속.txt">
      <Filter>C++</Filter>
    </Text>
    <Text Include="SOLID 원칙.txt">
      <Filter>C++</Filter>
    </Text>
    <Text Include="C++에 대하여.txt">
      <Filter>C++</Filter>
    </Text>
    <Text Include="컴파일 과정 총정리.txt">
      <Filter>C++</Filter>
    </Text>
    <Text Include="RTTI.txt">
      <Filter>C++</Filter>
    </Text>
    <Text Include="_explicit.txt">
      <Filter>C++</Filter>
    </Text>
    <Text Include="_Mutable.txt">
      <Filter>C++</Filter>
    </Text>
    <Text Include="_new와 malloc.txt">
      <Filter>C++</Filter>
    </Text>
    <Text Include="_전방선언.txt">
      <Filter>C++</Filter>
    </Text>
    <Text Include="_전처리문.txt">
      <Filter>C++</Filter>
    </Text>
    <Text Include="_call by value.txt">
      <Filter>C++</Filter>
    </Text>
    <Text Include="_리스트 뒤집기.txt">
      <Filter>C++</Filter>
    </Text>
    <Text Include="vector.txt">
      <Filter>STL</Filter>
    </Text>
    <Text Include="list.txt">
      <Filter>STL</Filter>
    </Text>
    <Text Include="_이동생성자.txt">
      <Filter>C++</Filter>
    </Text>
    <Text Include="_L-Value vs R-Value.txt">
      <Filter>C++</Filter>
    </Text>
    <Text Include="_casting.txt">
      <Filter>C++</Filter>
    </Text>
  </ItemGroup>
</Project>