<?xml version="1.0" encoding="utf-8"?>
<Project ToolsVersion="4.0" xmlns="http://schemas.microsoft.com/developer/msbuild/2003">
  <ItemGroup>
    <Filter Include="0. C++">
      <UniqueIdentifier>{b46c9966-f39e-4946-b454-996f8cba7d2c}</UniqueIdentifier>
    </Filter>
    <Filter Include="99. 전체 질문목록">
      <UniqueIdentifier>{3ca95448-359e-4114-ac12-e15d653d0dd3}</UniqueIdentifier>
    </Filter>
    <Filter Include="999. 소스 파일">
      <UniqueIdentifier>{4FC737F1-C7A5-4376-A066-2A32D752A2FF}</UniqueIdentifier>
      <Extensions>cpp;c;cc;cxx;c++;cppm;ixx;def;odl;idl;hpj;bat;asm;asmx</Extensions>
    </Filter>
    <Filter Include="2. CS">
      <UniqueIdentifier>{4edb3c76-8493-4751-bc12-c1aeb6035930}</UniqueIdentifier>
    </Filter>
    <Filter Include="1. STL, Data Struct">
      <UniqueIdentifier>{19a12cc3-22ff-41f7-bfda-9c2b18c9cc3b}</UniqueIdentifier>
    </Filter>
    <Filter Include="1. STL, Data Struct\CODE">
      <UniqueIdentifier>{710b54a3-0b6e-4978-af7a-03199f42931f}</UniqueIdentifier>
    </Filter>
    <Filter Include="1. STL, Data Struct\Img">
      <UniqueIdentifier>{1b4d96ab-23a1-495a-88d5-3ad1fa0c2def}</UniqueIdentifier>
    </Filter>
    <Filter Include="2. CS\CS_IMG">
      <UniqueIdentifier>{16521af8-fcc6-4119-97f9-da88cf1be78b}</UniqueIdentifier>
    </Filter>
    <Filter Include="0. C++\1. 이동과 복사">
      <UniqueIdentifier>{2986fcfd-57b8-43ef-b670-02e1a5e9ddd9}</UniqueIdentifier>
    </Filter>
    <Filter Include="0. C++\2. 클래스">
      <UniqueIdentifier>{d549fa58-ce98-4111-a97b-88415bd78208}</UniqueIdentifier>
    </Filter>
    <Filter Include="0. C++\0. C/C++">
      <UniqueIdentifier>{1842e0e4-991d-418b-9863-3a4be371a282}</UniqueIdentifier>
    </Filter>
    <Filter Include="0. C++\4. 포인터">
      <UniqueIdentifier>{c735a145-6b09-417e-83a2-4d9e4b28be17}</UniqueIdentifier>
    </Filter>
    <Filter Include="0. C++\5. 템플릿">
      <UniqueIdentifier>{45777870-22ea-42d6-aa39-d88194579bb0}</UniqueIdentifier>
    </Filter>
    <Filter Include="0. C++\6. 데이터 타입">
      <UniqueIdentifier>{79405568-890f-44f1-8a59-74d8017504f5}</UniqueIdentifier>
    </Filter>
    <Filter Include="0. C++\7. 알고리즘">
      <UniqueIdentifier>{32cabf8f-12ec-4181-b4c4-30489a79a4fd}</UniqueIdentifier>
    </Filter>
    <Filter Include="0. C++\8. 그외">
      <UniqueIdentifier>{d9fbbb6f-a15c-40ed-8e60-f7326d9f9408}</UniqueIdentifier>
    </Filter>
    <Filter Include="4. 언리얼">
      <UniqueIdentifier>{a04eb7d5-05ea-41df-9ebb-42085992dc6b}</UniqueIdentifier>
    </Filter>
    <Filter Include="3. DirectX">
      <UniqueIdentifier>{22027bb1-dab0-46af-8313-55ffeaa064a4}</UniqueIdentifier>
    </Filter>
    <Filter Include="3. DirectX\3. 애니메이션">
      <UniqueIdentifier>{4ae7a48a-7880-40ce-8960-9699c85e886d}</UniqueIdentifier>
    </Filter>
    <Filter Include="3. DirectX\0. DirectX">
      <UniqueIdentifier>{a781df4e-99e2-47c8-af9c-6e09fcccb3a7}</UniqueIdentifier>
    </Filter>
    <Filter Include="3. DirectX\1. 그래픽 파이프라인">
      <UniqueIdentifier>{92927586-6b99-4755-a513-bdb00991c7ea}</UniqueIdentifier>
    </Filter>
    <Filter Include="3. DirectX\2. 셰이더 프로그래밍">
      <UniqueIdentifier>{d7507c7f-2aca-4ddc-a261-06a7ea1b9eb7}</UniqueIdentifier>
    </Filter>
    <Filter Include="3. DirectX\4. 최적화 및 디버깅">
      <UniqueIdentifier>{2344017b-7c5b-4bc9-89f7-3ff1c33dfcba}</UniqueIdentifier>
    </Filter>
    <Filter Include="3. DirectX\5. 리소스 관리">
      <UniqueIdentifier>{12baa91f-1ffc-4961-a818-436b81564701}</UniqueIdentifier>
    </Filter>
    <Filter Include="3. DirectX\6. 프로젝트 관련">
      <UniqueIdentifier>{4d43a2a1-03ae-4bdd-afdb-358180ad766f}</UniqueIdentifier>
    </Filter>
    <Filter Include="5. Network">
      <UniqueIdentifier>{7fc8afa7-19fa-4cc0-b690-ed14051d8ef9}</UniqueIdentifier>
    </Filter>
    <Filter Include="5. Network\Img">
      <UniqueIdentifier>{06f8b284-68dd-4767-8d7e-af3f5459b17c}</UniqueIdentifier>
    </Filter>
    <Filter Include="6. Algorithm">
      <UniqueIdentifier>{ebb8e2e8-887a-4cbf-948f-fe078a96c69b}</UniqueIdentifier>
    </Filter>
    <Filter Include="7. 게임수학">
      <UniqueIdentifier>{425e1edc-a857-4fba-acfa-3d095bdd625d}</UniqueIdentifier>
    </Filter>
    <Filter Include="8. 인성 문제">
      <UniqueIdentifier>{ce566ade-88eb-4a8e-acfe-8cf3d3cbc787}</UniqueIdentifier>
    </Filter>
    <Filter Include="5. Network\0. 기본 개념">
      <UniqueIdentifier>{a38c9dd5-12db-4c22-aa8c-93e07b49b81b}</UniqueIdentifier>
    </Filter>
    <Filter Include="5. Network\1. 프로그래밍 문제">
      <UniqueIdentifier>{fca69b46-7b08-4cb6-9108-5e4dd9403faa}</UniqueIdentifier>
    </Filter>
    <Filter Include="5. Network\2. 네트워크 최적화 및 안정성">
      <UniqueIdentifier>{be964e17-b6e3-403b-8e29-b8e865d55c69}</UniqueIdentifier>
    </Filter>
  </ItemGroup>
  <ItemGroup>
    <ClCompile Include="Main.cpp">
      <Filter>999. 소스 파일</Filter>
    </ClCompile>
    <ClCompile Include="..\Client\STL\reverse_list.cpp">
      <Filter>1. STL, Data Struct\CODE</Filter>
    </ClCompile>
  </ItemGroup>
  <ItemGroup>
    <Text Include="..\TXT_TOTAL\Algorithm.txt">
      <Filter>99. 전체 질문목록</Filter>
    </Text>
    <Text Include="..\TXT_TOTAL\CC++.txt">
      <Filter>99. 전체 질문목록</Filter>
    </Text>
    <Text Include="..\TXT_TOTAL\Network.txt">
      <Filter>99. 전체 질문목록</Filter>
    </Text>
    <Text Include="..\TXT_TOTAL\STL.txt">
      <Filter>99. 전체 질문목록</Filter>
    </Text>
    <Text Include="..\TXT_ALGORITHM\[정리] 정렬 알고리즘.txt">
      <Filter>6. Algorithm</Filter>
    </Text>
    <Text Include="..\TXT_ALGORITHM\_힙정렬.txt">
      <Filter>6. Algorithm</Filter>
    </Text>
    <Text Include="..\TXT_ALGORITHM\BFS와 DFS.txt">
      <Filter>6. Algorithm</Filter>
    </Text>
    <Text Include="..\TXT_STL\_B트리.txt">
      <Filter>1. STL, Data Struct</Filter>
    </Text>
    <Text Include="..\TXT_STL\_정렬.txt">
      <Filter>1. STL, Data Struct</Filter>
    </Text>
    <Text Include="..\TXT_STL\0-0. 컨테이너.txt">
      <Filter>1. STL, Data Struct</Filter>
    </Text>
    <Text Include="..\TXT_STL\0-1. 상등성과 동등성.txt">
      <Filter>1. STL, Data Struct</Filter>
    </Text>
    <Text Include="..\TXT_STL\6-1. 범위기반 for문.txt">
      <Filter>1. STL, Data Struct</Filter>
    </Text>
    <Text Include="..\TXT_STL\0-3. 이진탐색.txt">
      <Filter>1. STL, Data Struct</Filter>
    </Text>
    <Text Include="..\TXT_CC++\L-Value vs R-Value.txt">
      <Filter>0. C++\1. 이동과 복사</Filter>
    </Text>
    <Text Include="..\TXT_CC++\템플릿.txt">
      <Filter>0. C++\5. 템플릿</Filter>
    </Text>
    <Text Include="..\TXT_CC++\포인터.txt">
      <Filter>0. C++\4. 포인터</Filter>
    </Text>
    <Text Include="..\TXT_CC++\C++에 대하여.txt">
      <Filter>0. C++\0. C/C++</Filter>
    </Text>
    <Text Include="..\TXT_CC++\move와 foward.txt">
      <Filter>0. C++\1. 이동과 복사</Filter>
    </Text>
    <Text Include="..\TXT_CC++\call by value.txt">
      <Filter>0. C++\1. 이동과 복사</Filter>
    </Text>
    <Text Include="..\TXT_CC++\SOLID 원칙.txt">
      <Filter>0. C++\0. C/C++</Filter>
    </Text>
    <Text Include="..\TXT_CC++\mutable.txt">
      <Filter>0. C++\8. 그외</Filter>
    </Text>
    <Text Include="..\TXT_CC++\friend.txt">
      <Filter>0. C++\8. 그외</Filter>
    </Text>
    <Text Include="..\TXT_CC++\extern.txt">
      <Filter>0. C++\8. 그외</Filter>
    </Text>
    <Text Include="..\TXT_CC++\explicit.txt">
      <Filter>0. C++\8. 그외</Filter>
    </Text>
    <Text Include="..\TXT_CC++\Is-a Has-a.txt">
      <Filter>0. C++\2. 클래스</Filter>
    </Text>
    <Text Include="..\TXT_CC++\_volatile.txt">
      <Filter>0. C++\8. 그외</Filter>
    </Text>
    <Text Include="..\TXT_CC++\추상클래스.txt">
      <Filter>0. C++\2. 클래스</Filter>
    </Text>
    <Text Include="..\TXT_CC++\깊은복사와 얕은복사.txt">
      <Filter>0. C++\1. 이동과 복사</Filter>
    </Text>
    <Text Include="..\TXT_CC++\NULL, nullptr.txt">
      <Filter>0. C++\8. 그외</Filter>
    </Text>
    <Text Include="..\TXT_CC++\스마트 포인터.txt">
      <Filter>0. C++\4. 포인터</Filter>
    </Text>
    <Text Include="..\TXT_CC++\가상함수 virtual.txt">
      <Filter>0. C++\2. 클래스</Filter>
    </Text>
    <Text Include="..\TXT_CC++\오버로딩과 오버라이딩.txt">
      <Filter>0. C++\2. 클래스</Filter>
    </Text>
    <Text Include="..\TXT_CC++\인터페이스, 다중상속.txt">
      <Filter>0. C++\2. 클래스</Filter>
    </Text>
    <Text Include="..\TXT_CC++\함수포인터.txt">
      <Filter>0. C++\4. 포인터</Filter>
    </Text>
    <Text Include="..\TXT_CC++\클래스와 인스턴스.txt">
      <Filter>0. C++\2. 클래스</Filter>
    </Text>
    <Text Include="..\TXT_CC++\객체지향 프로그래밍.txt">
      <Filter>0. C++\0. C/C++</Filter>
    </Text>
    <Text Include="..\TXT_CC++\구조체 클래스.txt">
      <Filter>0. C++\2. 클래스</Filter>
    </Text>
    <Text Include="..\TXT_CC++\생성자와 소멸자.txt">
      <Filter>0. C++\2. 클래스</Filter>
    </Text>
    <Text Include="..\TXT_CC++\바인딩.txt">
      <Filter>0. C++\6. 데이터 타입</Filter>
    </Text>
    <Text Include="..\TXT_CC++\RTTI.txt">
      <Filter>0. C++\6. 데이터 타입</Filter>
    </Text>
    <Text Include="..\TXT_CC++\실수형 데이터.txt">
      <Filter>0. C++\6. 데이터 타입</Filter>
    </Text>
    <Text Include="..\TXT_CC++\이동생성자.txt">
      <Filter>0. C++\1. 이동과 복사</Filter>
    </Text>
    <Text Include="..\TXT_CC++\이동 의미론.txt">
      <Filter>0. C++\1. 이동과 복사</Filter>
    </Text>
    <Text Include="..\TXT_CC++\this.txt">
      <Filter>0. C++\2. 클래스</Filter>
    </Text>
    <Text Include="..\TXT_CC++\유니폼 초기화.txt">
      <Filter>0. C++\8. 그외</Filter>
    </Text>
    <Text Include="..\TXT_CC++\new와 malloc.txt">
      <Filter>0. C++\8. 그외</Filter>
    </Text>
    <Text Include="..\TXT_CC++\static.txt">
      <Filter>0. C++\8. 그외</Filter>
    </Text>
    <Text Include="..\TXT_CC++\STL기본.txt">
      <Filter>0. C++\8. 그외</Filter>
    </Text>
    <Text Include="..\TXT_CC++\using.txt">
      <Filter>0. C++\8. 그외</Filter>
    </Text>
    <Text Include="..\TXT_CC++\개행.txt">
      <Filter>0. C++\8. 그외</Filter>
    </Text>
    <Text Include="..\TXT_CC++\람다식.txt">
      <Filter>0. C++\8. 그외</Filter>
    </Text>
    <Text Include="..\TXT_CC++\매크로 와 inline.txt">
      <Filter>0. C++\8. 그외</Filter>
    </Text>
    <Text Include="..\TXT_CC++\메모리함수 mem~.txt">
      <Filter>0. C++\8. 그외</Filter>
    </Text>
    <Text Include="..\TXT_CC++\캐스팅.txt">
      <Filter>0. C++\6. 데이터 타입</Filter>
    </Text>
    <Text Include="..\TXT_CC++\함수호출과정.txt">
      <Filter>0. C++\0. C/C++</Filter>
    </Text>
    <Text Include="..\TXT_CC++\컴파일 과정.txt">
      <Filter>0. C++\0. C/C++</Filter>
    </Text>
    <Text Include="..\TXT_CC++\전방선언.txt">
      <Filter>0. C++\8. 그외</Filter>
    </Text>
    <Text Include="..\TXT_CC++\전처리문.txt">
      <Filter>0. C++\8. 그외</Filter>
    </Text>
    <Text Include="..\TXT_CC++\함수객체.txt">
      <Filter>0. C++\8. 그외</Filter>
    </Text>
    <Text Include="..\TXT_CC++\결합도.txt">
      <Filter>0. C++\0. C/C++</Filter>
    </Text>
    <Text Include="..\TXT_CC++\유니티 빌드.txt">
      <Filter>0. C++\0. C/C++</Filter>
    </Text>
    <Text Include="..\TXT_CC++\constexpr.txt">
      <Filter>0. C++\8. 그외</Filter>
    </Text>
    <Text Include="전위연산 후위연산.txt">
      <Filter>0. C++\8. 그외</Filter>
    </Text>
    <Text Include="..\TXT_CC++\RAII.txt">
      <Filter>0. C++\2. 클래스</Filter>
    </Text>
    <Text Include="..\TXT_CC++\CRTP.txt">
      <Filter>0. C++\5. 템플릿</Filter>
    </Text>
    <Text Include="..\TXT_CS\0. 질문 연계 목록.txt">
      <Filter>2. CS</Filter>
    </Text>
    <Text Include="..\TXT_CS\0-1. 운영체제.txt">
      <Filter>2. CS</Filter>
    </Text>
    <Text Include="..\TXT_CS\0-2. 커널.txt">
      <Filter>2. CS</Filter>
    </Text>
    <Text Include="..\TXT_CS\0-2. 컴퓨터 시스템.txt">
      <Filter>2. CS</Filter>
    </Text>
    <Text Include="..\TXT_CS\0-3. 시스템 콜.txt">
      <Filter>2. CS</Filter>
    </Text>
    <Text Include="..\TXT_CS\1-1. 메모리 구조와 속도.txt">
      <Filter>2. CS</Filter>
    </Text>
    <Text Include="..\TXT_CS\1-2. 캐시메모리.txt">
      <Filter>2. CS</Filter>
    </Text>
    <Text Include="..\TXT_CS\1-3. 레지스터.txt">
      <Filter>2. CS</Filter>
    </Text>
    <Text Include="..\TXT_CS\1-4. 명령어 사이클.txt">
      <Filter>2. CS</Filter>
    </Text>
    <Text Include="..\TXT_CS\1-5. 오버플로우.txt">
      <Filter>2. CS</Filter>
    </Text>
    <Text Include="..\TXT_CS\2-1.. 프로세스.txt">
      <Filter>2. CS</Filter>
    </Text>
    <Text Include="..\TXT_CS\2-2.. 프로세스와 쓰레드.txt">
      <Filter>2. CS</Filter>
    </Text>
    <Text Include="..\TXT_CS\2-3. 데드락, 경쟁상태.txt">
      <Filter>2. CS</Filter>
    </Text>
    <Text Include="..\TXT_CS\2-4. 동기화 기법.txt">
      <Filter>2. CS</Filter>
    </Text>
    <Text Include="..\TXT_CS\2-5. 컨텍스트 스위칭.txt">
      <Filter>2. CS</Filter>
    </Text>
    <Text Include="..\TXT_CS\3-1. 가상메모리.txt">
      <Filter>2. CS</Filter>
    </Text>
    <Text Include="..\TXT_CS\3-2. 페이지 폴트, 교체, 쓰레싱.txt">
      <Filter>2. CS</Filter>
    </Text>
    <Text Include="..\TXT_CS\3-3. 메모리 단편화.txt">
      <Filter>2. CS</Filter>
    </Text>
    <Text Include="..\TXT_CS\3-3. 요구 페이징.txt">
      <Filter>2. CS</Filter>
    </Text>
    <Text Include="..\TXT_CS\3-4. 메모리 풀.txt">
      <Filter>2. CS</Filter>
    </Text>
    <Text Include="..\TXT_CS\4-1. atomic.txt">
      <Filter>2. CS</Filter>
    </Text>
    <Text Include="..\TXT_CS\5-1. 스케줄링.txt">
      <Filter>2. CS</Filter>
    </Text>
    <Text Include="..\TXT_CS\6-1. 메모리관리.txt">
      <Filter>2. CS</Filter>
    </Text>
    <Text Include="..\TXT_CS\0.0 CPU와 GPU.txt">
      <Filter>2. CS</Filter>
    </Text>
    <Text Include="..\TXT_CC++\레퍼런스.txt">
      <Filter>0. C++\4. 포인터</Filter>
    </Text>
    <Text Include="..\TXT_CC++\auto.txt">
      <Filter>0. C++\6. 데이터 타입</Filter>
    </Text>
    <Text Include="..\TXT_CC++\decltype.txt">
      <Filter>0. C++\6. 데이터 타입</Filter>
    </Text>
    <Text Include="..\TXT_CC++\함수호출규약.txt">
      <Filter>0. C++\8. 그외</Filter>
    </Text>
    <Text Include="..\TXT_DIRECTX\0-1. D3D_FEATURE_LEVEL.txt">
      <Filter>3. DirectX\0. DirectX</Filter>
    </Text>
    <Text Include="..\TXT_DIRECTX\1-0. 셰이더.txt">
      <Filter>3. DirectX\1. 그래픽 파이프라인</Filter>
    </Text>
    <Text Include="..\TXT_DIRECTX\1-1. 렌더링 파이프라인.txt">
      <Filter>3. DirectX\1. 그래픽 파이프라인</Filter>
    </Text>
    <Text Include="..\TXT_DIRECTX\2-0. 각종 벡터.txt">
      <Filter>3. DirectX\2. 셰이더 프로그래밍</Filter>
    </Text>
    <Text Include="..\TXT_DIRECTX\2-2. 텍스처 필터링.txt">
      <Filter>3. DirectX\2. 셰이더 프로그래밍</Filter>
    </Text>
    <Text Include="..\TXT_DIRECTX\2-3. Forward Rendering.txt">
      <Filter>3. DirectX\2. 셰이더 프로그래밍</Filter>
    </Text>
    <Text Include="..\TXT_DIRECTX\2-4. Deferred Rendering.txt">
      <Filter>3. DirectX\2. 셰이더 프로그래밍</Filter>
    </Text>
    <Text Include="..\TXT_DIRECTX\2-6. Shadow.txt">
      <Filter>3. DirectX\2. 셰이더 프로그래밍</Filter>
    </Text>
    <Text Include="..\TXT_DIRECTX\2-5.. 조명연산.txt">
      <Filter>3. DirectX\2. 셰이더 프로그래밍</Filter>
    </Text>
    <Text Include="..\TXT_DIRECTX\0-0. DirectX.txt">
      <Filter>3. DirectX\0. DirectX</Filter>
    </Text>
    <Text Include="..\TXT_DIRECTX\1-2. 공간 변환 과정.txt">
      <Filter>3. DirectX\1. 그래픽 파이프라인</Filter>
    </Text>
    <Text Include="..\TXT_DIRECTX\1-3. 뷰와 투영함수.txt">
      <Filter>3. DirectX\1. 그래픽 파이프라인</Filter>
    </Text>
    <Text Include="..\TXT_DIRECTX\1-4. 카메라.txt">
      <Filter>3. DirectX\1. 그래픽 파이프라인</Filter>
    </Text>
    <Text Include="..\TXT_DIRECTX\1-5. 깊이테스트.txt">
      <Filter>3. DirectX\1. 그래픽 파이프라인</Filter>
    </Text>
    <Text Include="..\TXT_DIRECTX\1-7. z-fighting.txt">
      <Filter>3. DirectX\1. 그래픽 파이프라인</Filter>
    </Text>
    <Text Include="..\TXT_DIRECTX\2-7. skybox.txt">
      <Filter>3. DirectX\2. 셰이더 프로그래밍</Filter>
    </Text>
    <Text Include="..\TXT_DIRECTX\2-8. PBR.txt">
      <Filter>3. DirectX\2. 셰이더 프로그래밍</Filter>
    </Text>
    <Text Include="..\TXT_DIRECTX\2-9. HBAO.txt">
      <Filter>3. DirectX\2. 셰이더 프로그래밍</Filter>
    </Text>
    <Text Include="..\TXT_DIRECTX\2-10. HDR.txt">
      <Filter>3. DirectX\2. 셰이더 프로그래밍</Filter>
    </Text>
    <Text Include="..\TXT_DIRECTX\2-11. 앨리어싱.txt">
      <Filter>3. DirectX\2. 셰이더 프로그래밍</Filter>
    </Text>
    <Text Include="..\TXT_DIRECTX\2-12. Outline.txt">
      <Filter>3. DirectX\2. 셰이더 프로그래밍</Filter>
    </Text>
    <Text Include="..\TXT_DIRECTX\3-0. fbx 파일 로드.txt">
      <Filter>3. DirectX\3. 애니메이션</Filter>
    </Text>
    <Text Include="..\TXT_DIRECTX\3-1. 애니메이션 제어.txt">
      <Filter>3. DirectX\3. 애니메이션</Filter>
    </Text>
    <Text Include="..\TXT_DIRECTX\3-1. 키프레임 애니메이션.txt">
      <Filter>3. DirectX\3. 애니메이션</Filter>
    </Text>
    <Text Include="..\TXT_DIRECTX\3-2. Bone.txt">
      <Filter>3. DirectX\3. 애니메이션</Filter>
    </Text>
    <Text Include="..\TXT_DIRECTX\3-3. 루트 애니메이션.txt">
      <Filter>3. DirectX\3. 애니메이션</Filter>
    </Text>
    <Text Include="..\TXT_DIRECTX\3-4. Skinning.txt">
      <Filter>3. DirectX\3. 애니메이션</Filter>
    </Text>
    <Text Include="..\TXT_DIRECTX\3-5. IK와 FK.txt">
      <Filter>3. DirectX\3. 애니메이션</Filter>
    </Text>
    <Text Include="..\TXT_DIRECTX\3-6. 보간.txt">
      <Filter>3. DirectX\3. 애니메이션</Filter>
    </Text>
    <Text Include="..\TXT_DIRECTX\3-7. 애니메이션 컬링.txt">
      <Filter>3. DirectX\3. 애니메이션</Filter>
    </Text>
    <Text Include="..\TXT_DIRECTX\3-8. 쿼너니언과 오일러.txt">
      <Filter>3. DirectX\3. 애니메이션</Filter>
    </Text>
    <Text Include="..\TXT_DIRECTX\4-0. 프로파일링 도구.txt">
      <Filter>3. DirectX\4. 최적화 및 디버깅</Filter>
    </Text>
    <Text Include="..\TXT_DIRECTX\4-1. 그래픽 성능 최적화 방식.txt">
      <Filter>3. DirectX\4. 최적화 및 디버깅</Filter>
    </Text>
    <Text Include="..\TXT_DIRECTX\4-2. Shader Resource View.txt">
      <Filter>3. DirectX\4. 최적화 및 디버깅</Filter>
    </Text>
    <Text Include="..\TXT_DIRECTX\4-3. CPU와 GPU간의 동기화 문제.txt">
      <Filter>3. DirectX\4. 최적화 및 디버깅</Filter>
    </Text>
    <Text Include="..\TXT_DIRECTX\4-4. Draw Call.txt">
      <Filter>3. DirectX\4. 최적화 및 디버깅</Filter>
    </Text>
    <Text Include="..\TXT_DIRECTX\4-5. 클리핑과 컬링.txt">
      <Filter>3. DirectX\4. 최적화 및 디버깅</Filter>
    </Text>
    <Text Include="..\TXT_DIRECTX\4-6. LOD.txt">
      <Filter>3. DirectX\4. 최적화 및 디버깅</Filter>
    </Text>
    <Text Include="..\TXT_DIRECTX\5-0. Buffer.txt">
      <Filter>3. DirectX\5. 리소스 관리</Filter>
    </Text>
    <Text Include="..\TXT_DIRECTX\5-1. 텍스쳐txt.txt">
      <Filter>3. DirectX\5. 리소스 관리</Filter>
    </Text>
    <Text Include="..\TXT_DIRECTX\5-2. 노말맵.txt">
      <Filter>3. DirectX\5. 리소스 관리</Filter>
    </Text>
    <Text Include="..\TXT_DIRECTX\5-3. 깊이버퍼.txt">
      <Filter>3. DirectX\5. 리소스 관리</Filter>
    </Text>
    <Text Include="..\TXT_DIRECTX\5-4. UV매핑.txt">
      <Filter>3. DirectX\5. 리소스 관리</Filter>
    </Text>
    <Text Include="..\TXT_DIRECTX\5-5. Texture와 RenderTarget.txt">
      <Filter>3. DirectX\5. 리소스 관리</Filter>
    </Text>
    <Text Include="..\TXT_DIRECTX\6-0. ImGui.txt">
      <Filter>3. DirectX\6. 프로젝트 관련</Filter>
    </Text>
    <Text Include="..\TXT_DIRECTX\6-1. HeightMap.txt">
      <Filter>3. DirectX\6. 프로젝트 관련</Filter>
    </Text>
    <Text Include="..\TXT_DIRECTX\6-2. 마우스 피킹.txt">
      <Filter>3. DirectX\6. 프로젝트 관련</Filter>
    </Text>
    <Text Include="..\TXT_DIRECTX\6-3. 슬라이딩 벡터.txt">
      <Filter>3. DirectX\6. 프로젝트 관련</Filter>
    </Text>
    <Text Include="..\TXT_DIRECTX\6-4. 인스턴싱.txt">
      <Filter>3. DirectX\6. 프로젝트 관련</Filter>
    </Text>
    <Text Include="..\TXT_DIRECTX\6-8. billboard.txt">
      <Filter>3. DirectX\6. 프로젝트 관련</Filter>
    </Text>
    <Text Include="..\TXT_DIRECTX\6-9. Ray tracing.txt">
      <Filter>3. DirectX\6. 프로젝트 관련</Filter>
    </Text>
    <Text Include="..\TXT_DOC\All.txt">
      <Filter>8. 인성 문제</Filter>
    </Text>
    <Text Include="..\TXT_MATH\internal and external.txt">
      <Filter>7. 게임수학</Filter>
    </Text>
    <Text Include="..\TXT_MATH\angle functions.txt">
      <Filter>7. 게임수학</Filter>
    </Text>
    <Text Include="..\TXT_MATH\Rigid Body.txt">
      <Filter>7. 게임수학</Filter>
    </Text>
    <Text Include="..\TXT_MATH\Rotation.txt">
      <Filter>7. 게임수학</Filter>
    </Text>
    <Text Include="..\TXT_MATH\Euler Angle &amp; Quaternion.txt">
      <Filter>7. 게임수학</Filter>
    </Text>
    <Text Include="..\TXT_MATH\Quaternion.txt">
      <Filter>7. 게임수학</Filter>
    </Text>
    <Text Include="..\TXT_DIRECTX\1-8. w값.txt">
      <Filter>3. DirectX\1. 그래픽 파이프라인</Filter>
    </Text>
    <Text Include="..\TXT_STL\2-3. 이진탐색 트리.txt">
      <Filter>1. STL, Data Struct</Filter>
    </Text>
    <Text Include="..\TXT_STL\6-2. 알고리즘.txt">
      <Filter>1. STL, Data Struct</Filter>
    </Text>
    <Text Include="..\TXT_STL\1-1. (시퀀스)array.txt">
      <Filter>1. STL, Data Struct</Filter>
    </Text>
    <Text Include="..\TXT_STL\1-2. (시퀀스)vector.txt">
      <Filter>1. STL, Data Struct</Filter>
    </Text>
    <Text Include="..\TXT_STL\1-3. (시퀀스)list.txt">
      <Filter>1. STL, Data Struct</Filter>
    </Text>
    <Text Include="..\TXT_STL\1-4. (시퀀스)deque.txt">
      <Filter>1. STL, Data Struct</Filter>
    </Text>
    <Text Include="..\TXT_STL\1-5. (시퀀스) forward_list.txt">
      <Filter>1. STL, Data Struct</Filter>
    </Text>
    <Text Include="..\TXT_STL\1-6. (시퀀스) string.txt">
      <Filter>1. STL, Data Struct</Filter>
    </Text>
    <Text Include="..\TXT_STL\1-8. 비교 분석.txt">
      <Filter>1. STL, Data Struct</Filter>
    </Text>
    <Text Include="..\TXT_STL\2-1. (연관)map.txt">
      <Filter>1. STL, Data Struct</Filter>
    </Text>
    <Text Include="..\TXT_STL\2-2. (연관)set.txt">
      <Filter>1. STL, Data Struct</Filter>
    </Text>
    <Text Include="..\TXT_STL\3-1. (비정렬)해시.txt">
      <Filter>1. STL, Data Struct</Filter>
    </Text>
    <Text Include="..\TXT_STL\3-2. (비정렬) unordered map.txt">
      <Filter>1. STL, Data Struct</Filter>
    </Text>
    <Text Include="..\TXT_STL\3-3. (비정렬) unordered_set.txt">
      <Filter>1. STL, Data Struct</Filter>
    </Text>
    <Text Include="..\TXT_STL\4-1. (어댑터)queue.txt">
      <Filter>1. STL, Data Struct</Filter>
    </Text>
    <Text Include="..\TXT_STL\4-2. (어댑터)stack.txt">
      <Filter>1. STL, Data Struct</Filter>
    </Text>
    <Text Include="..\TXT_STL\5-0. (정렬)sort.txt">
      <Filter>1. STL, Data Struct</Filter>
    </Text>
    <Text Include="..\TXT_STL\5-1. (정렬) 정렬 알고리즘.txt">
      <Filter>1. STL, Data Struct</Filter>
    </Text>
    <Text Include="..\TXT_STL\5-2. (정렬) 커스텀 정렬.txt">
      <Filter>1. STL, Data Struct</Filter>
    </Text>
    <Text Include="..\TXT_STL\7-1. (고급) 힙.txt">
      <Filter>1. STL, Data Struct</Filter>
    </Text>
    <Text Include="..\TXT_STL\7-2. (고급) 트라이.txt">
      <Filter>1. STL, Data Struct</Filter>
    </Text>
    <Text Include="..\TXT_STL\7-3. (고급) BST.txt">
      <Filter>1. STL, Data Struct</Filter>
    </Text>
    <Text Include="..\TXT_STL\7-4. (고급) 세그먼트 트리.txt">
      <Filter>1. STL, Data Struct</Filter>
    </Text>
    <Text Include="..\TXT_STL\리스트 뒤집기.txt">
      <Filter>1. STL, Data Struct\CODE</Filter>
    </Text>
    <Text Include="..\TXT_CC++\표준 라이브러리 알고리즘.txt">
      <Filter>0. C++\7. 알고리즘</Filter>
    </Text>
    <Text Include="..\TXT_CC++\const.txt">
      <Filter>0. C++\6. 데이터 타입</Filter>
    </Text>
    <Text Include="..\TXT_CC++\메모리 누수.txt">
      <Filter>0. C++\8. 그외</Filter>
    </Text>
    <Text Include="..\TXT_UNREAL\0-0. C++과 블루프린트.txt">
      <Filter>4. 언리얼</Filter>
    </Text>
    <Text Include="..\TXT_UNREAL\1-0. Actor, Pawn, Character.txt">
      <Filter>4. 언리얼</Filter>
    </Text>
    <Text Include="..\TXT_UNREAL\Replication.txt">
      <Filter>4. 언리얼</Filter>
    </Text>
    <Text Include="..\TXT_UNREAL\Garbage Collector.txt">
      <Filter>4. 언리얼</Filter>
    </Text>
    <Text Include="..\TXT_UNREAL\이벤트_델리게이트.txt">
      <Filter>4. 언리얼</Filter>
    </Text>
    <Text Include="..\TXT_UNREAL\Async, 비동기.txt">
      <Filter>4. 언리얼</Filter>
    </Text>
    <Text Include="..\TXT_UNREAL\UObject와 AActor.txt">
      <Filter>4. 언리얼</Filter>
    </Text>
    <Text Include="..\TXT_UNREAL\네트워크 패킷.txt">
      <Filter>4. 언리얼</Filter>
    </Text>
    <Text Include="..\TXT_UNREAL\머터리얼과 셰이더.txt">
      <Filter>4. 언리얼</Filter>
    </Text>
    <Text Include="..\TXT_UNREAL\신규기능(Nanite, Lumen).txt">
      <Filter>4. 언리얼</Filter>
    </Text>
    <Text Include="..\TXT_UNREAL\버그 및 이슈트래킹.txt">
      <Filter>4. 언리얼</Filter>
    </Text>
    <Text Include="..\TXT_NETWORK\ACK, SYN.txt">
      <Filter>5. Network\0. 기본 개념</Filter>
    </Text>
    <Text Include="..\TXT_NETWORK\TCP, UDP.txt">
      <Filter>5. Network\0. 기본 개념</Filter>
    </Text>
    <Text Include="..\TXT_NETWORK\빅 엔디안과 리틀 엔디안.txt">
      <Filter>5. Network\0. 기본 개념</Filter>
    </Text>
    <Text Include="..\TXT_NETWORK\비트와 바이트.txt">
      <Filter>5. Network\0. 기본 개념</Filter>
    </Text>
    <Text Include="..\TXT_NETWORK\네트워크.txt">
      <Filter>5. Network\2. 네트워크 최적화 및 안정성</Filter>
    </Text>
    <Text Include="..\TXT_NETWORK\동기화.txt">
      <Filter>5. Network\1. 프로그래밍 문제</Filter>
    </Text>
    <Text Include="..\TXT_NETWORK\소켓.txt">
      <Filter>5. Network\2. 네트워크 최적화 및 안정성</Filter>
    </Text>
    <Text Include="..\TXT_NETWORK\지연%28Latency%29.txt">
      <Filter>5. Network\2. 네트워크 최적화 및 안정성</Filter>
    </Text>
    <Text Include="..\TXT_NETWORK\클라이언트-서버.txt">
      <Filter>5. Network\0. 기본 개념</Filter>
    </Text>
    <Text Include="..\TXT_MATH\아핀변환.txt">
      <Filter>7. 게임수학</Filter>
    </Text>
    <Text Include="..\TXT_NETWORK\외삽.txt">
      <Filter>5. Network\1. 프로그래밍 문제</Filter>
    </Text>
    <Text Include="..\TXT_NETWORK\패킷.txt">
      <Filter>5. Network\0. 기본 개념</Filter>
    </Text>
    <Text Include="..\TXT_NETWORK\.NAT.txt">
      <Filter>5. Network\0. 기본 개념</Filter>
    </Text>
    <Text Include="..\TXT_NETWORK\클라이언트 예측.txt">
      <Filter>5. Network\0. 기본 개념</Filter>
    </Text>
    <Text Include="..\TXT_NETWORK\서버 권한.txt">
      <Filter>5. Network\0. 기본 개념</Filter>
    </Text>
    <Text Include="..\TXT_NETWORK\동기화 보간.txt">
      <Filter>5. Network\1. 프로그래밍 문제</Filter>
    </Text>
    <Text Include="..\TXT_CC++\메모리 관리 방법.txt">
      <Filter>0. C++\0. C/C++</Filter>
    </Text>
    <Text Include="..\TXT_CC++\복사생성자.txt">
      <Filter>0. C++\2. 클래스</Filter>
    </Text>
  </ItemGroup>
  <ItemGroup>
    <Image Include="..\TXT_CS\image\인터럽트 처리 과정.png">
      <Filter>2. CS\CS_IMG</Filter>
    </Image>
    <Image Include="..\TXT_CS\image\페이징과 TLB.png">
      <Filter>2. CS\CS_IMG</Filter>
    </Image>
    <Image Include="..\TXT_CS\image\Cashe Memory.png">
      <Filter>2. CS\CS_IMG</Filter>
    </Image>
    <Image Include="..\TXT_CS\image\process_1.png">
      <Filter>2. CS\CS_IMG</Filter>
    </Image>
    <Image Include="..\TXT_CS\image\명령어 사이클.png">
      <Filter>2. CS\CS_IMG</Filter>
    </Image>
    <Image Include="..\TXT_CS\image\외부단편화 내부단편화.png">
      <Filter>2. CS\CS_IMG</Filter>
    </Image>
    <Image Include="..\TXT_NETWORK\Img\3way_handshake.jpg">
      <Filter>5. Network\Img</Filter>
    </Image>
    <Image Include="..\TXT_STL\Img\STL.png">
      <Filter>1. STL, Data Struct\Img</Filter>
    </Image>
    <Image Include="..\TXT_STL\Img\정렬 알고리즘 시간복잡도 비교.png">
      <Filter>1. STL, Data Struct\Img</Filter>
    </Image>
  </ItemGroup>
  <ItemGroup>
    <None Include="..\TXT_DIRECTX\1-6. 알파 블렌딩.txt">
      <Filter>3. DirectX\1. 그래픽 파이프라인</Filter>
    </None>
    <None Include="..\TXT_DIRECTX\2-13. 소프트 파티클.txt">
      <Filter>3. DirectX\2. 셰이더 프로그래밍</Filter>
    </None>
    <None Include="..\TXT_DIRECTX\6-5. RayCasting.txt">
      <Filter>3. DirectX\6. 프로젝트 관련</Filter>
    </None>
    <None Include="..\TXT_DIRECTX\6-10. 수직통기화.txt">
      <Filter>3. DirectX\6. 프로젝트 관련</Filter>
    </None>
    <None Include="..\TXT_DIRECTX\2-1. Texture.txt">
      <Filter>3. DirectX\2. 셰이더 프로그래밍</Filter>
    </None>
    <None Include="1-9. 버퍼.txt">
      <Filter>3. DirectX\1. 그래픽 파이프라인</Filter>
    </None>
  </ItemGroup>
</Project>